PODS:
  - GSPlayer (0.2.16)
  - R.swift (5.2.2):
    - R.swift.Library (~> 5.2.0)
  - R.swift.Library (5.2.0)
  - SDWebImage (5.8.4):
    - SDWebImage/Core (= 5.8.4)
  - SDWebImage/Core (5.8.4)
  - SDWebImageSwiftUI (1.5.0):
    - SDWebImage (~> 5.7)

DEPENDENCIES:
  - GSPlayer
  - R.swift
  - SDWebImageSwiftUI

SPEC REPOS:
  https://github.com/CocoaPods/Specs.git:
    - GSPlayer
    - R.swift
    - R.swift.Library
    - SDWebImage
    - SDWebImageSwiftUI

SPEC CHECKSUMS:
  GSPlayer: 823f0b085a227fa4a6f853e5edbe70f7e2b28b76
  R.swift: 7c52cdc57a66840ffe6cbd8a823d732059d42a32
  R.swift.Library: 5ba4f1631300caf9a4d890186930da85d540769d
  SDWebImage: cf6922231e95550934da2ada0f20f2becf2ceba9
  SDWebImageSwiftUI: 43687ffe232ddd33fe0659498b7ca9884fdd6b35

PODFILE CHECKSUM: aa96b40dd6f987cb2c979fb99e4653a62c0cd809

COCOAPODS: 1.9.3
